PODS:
  - Alamofire (4.9.0)
  - AlamofireImage (3.5.2):
    - Alamofire (~> 4.8)
  - JGProgressHUD (2.1)

DEPENDENCIES:
  - Alamofire (~> 4.9.0)
  - AlamofireImage (~> 3.5.2)
  - JGProgressHUD

SPEC REPOS:
  trunk:
    - Alamofire
    - AlamofireImage
    - JGProgressHUD

SPEC CHECKSUMS:
  Alamofire: afc3e7c6db61476cb45cdd23fed06bad03bbc321
  AlamofireImage: 63cfe3baf1370be6c498149687cf6db3e3b00999
  JGProgressHUD: aa403e9a5b45cae98903c4600cccdd98c0c3ec90

PODFILE CHECKSUM: adb95ecb5123ba00f8d17541aa541ac0a26fa0c1

COCOAPODS: 1.8.4
